
Microsoft Visual Studio Solution File, Format Version 12.00
# Visual Studio Version 17
VisualStudioVersion = 17.9.34714.143
MinimumVisualStudioVersion = 10.0.40219.1
Project("{FAE04EC0-301F-11D3-BF4B-00C04F79EFBC}") = "Rubicon", "Rubicon\Rubicon.csproj", "{D7ECBB98-23FF-4A26-A797-7FA196F9BDDA}"
EndProject
Project("{FAE04EC0-301F-11D3-BF4B-00C04F79EFBC}") = "Rubicon.Core", "Rubicon.Core\Rubicon.Core.csproj", "{18F9E976-3264-4F03-9E93-4010148831EB}"
EndProject
Project("{E53339B2-1760-4266-BCC7-CA923CBCF16C}") = "docker-compose", "docker-compose.dcproj", "{30F9C378-CA14-4781-8D29-19F8CBA8DA1A}"
EndProject
Project("{2150E333-8FDC-42A3-9474-1A3956D46DE8}") = "Solution Items", "Solution Items", "{E55E1516-3A8F-4B8A-B1D4-79FC07BDB700}"
	ProjectSection(SolutionItems) = preProject
		scripts\generate-migration-scripts.sh = scripts\generate-migration-scripts.sh
		scripts\run-service.sh = scripts\run-service.sh
	EndProjectSection
EndProject
Global
	GlobalSection(SolutionConfigurationPlatforms) = preSolution
		Debug|Any CPU = Debug|Any CPU
		Release|Any CPU = Release|Any CPU
	EndGlobalSection
	GlobalSection(ProjectConfigurationPlatforms) = postSolution
		{D7ECBB98-23FF-4A26-A797-7FA196F9BDDA}.Debug|Any CPU.ActiveCfg = Debug|Any CPU
		{D7ECBB98-23FF-4A26-A797-7FA196F9BDDA}.Debug|Any CPU.Build.0 = Debug|Any CPU
		{D7ECBB98-23FF-4A26-A797-7FA196F9BDDA}.Release|Any CPU.ActiveCfg = Release|Any CPU
		{D7ECBB98-23FF-4A26-A797-7FA196F9BDDA}.Release|Any CPU.Build.0 = Release|Any CPU
		{18F9E976-3264-4F03-9E93-4010148831EB}.Debug|Any CPU.ActiveCfg = Debug|Any CPU
		{18F9E976-3264-4F03-9E93-4010148831EB}.Debug|Any CPU.Build.0 = Debug|Any CPU
		{18F9E976-3264-4F03-9E93-4010148831EB}.Release|Any CPU.ActiveCfg = Release|Any CPU
		{18F9E976-3264-4F03-9E93-4010148831EB}.Release|Any CPU.Build.0 = Release|Any CPU
		{30F9C378-CA14-4781-8D29-19F8CBA8DA1A}.Debug|Any CPU.ActiveCfg = Debug|Any CPU
		{30F9C378-CA14-4781-8D29-19F8CBA8DA1A}.Debug|Any CPU.Build.0 = Debug|Any CPU
		{30F9C378-CA14-4781-8D29-19F8CBA8DA1A}.Release|Any CPU.ActiveCfg = Release|Any CPU
		{30F9C378-CA14-4781-8D29-19F8CBA8DA1A}.Release|Any CPU.Build.0 = Release|Any CPU
	EndGlobalSection
	GlobalSection(SolutionProperties) = preSolution
		HideSolutionNode = FALSE
	EndGlobalSection
	GlobalSection(ExtensibilityGlobals) = postSolution
		SolutionGuid = {BB3EF3CD-9E44-4E3F-80E8-AC855FF9EC1E}
	EndGlobalSection
EndGlobal
